
Microsoft Visual Studio Solution File, Format Version 12.00
# Visual Studio Version 17
VisualStudioVersion = 17.4.33205.214
MinimumVisualStudioVersion = 10.0.40219.1
Project("{9A19103F-16F7-4668-BE54-9A1E7A4F7556}") = "TheGazooks", "TheGazooks\TheGazooks.csproj", "{0DE1EFF3-4EED-4799-A9A5-C2D7F7FD7FD7}"
EndProject
Project("{9A19103F-16F7-4668-BE54-9A1E7A4F7556}") = "GazooksMainTests", "GazooksMainTests\GazooksMainTests.csproj", "{9F148724-5E8C-4A8F-BE6A-F7A66B1CA8A4}"
	ProjectSection(ProjectDependencies) = postProject
		{0DE1EFF3-4EED-4799-A9A5-C2D7F7FD7FD7} = {0DE1EFF3-4EED-4799-A9A5-C2D7F7FD7FD7}
	EndProjectSection
EndProject
Project("{FAE04EC0-301F-11D3-BF4B-00C04F79EFBC}") = "GenerativeDictionaries", "GenerativeDictionaries\GenerativeDictionaries.csproj", "{36ABD7A6-6C35-4569-9EA3-16B5274CC136}"
EndProject
Global
	GlobalSection(SolutionConfigurationPlatforms) = preSolution
		Debug|Any CPU = Debug|Any CPU
		Release|Any CPU = Release|Any CPU
	EndGlobalSection
	GlobalSection(ProjectConfigurationPlatforms) = postSolution
		{0DE1EFF3-4EED-4799-A9A5-C2D7F7FD7FD7}.Debug|Any CPU.ActiveCfg = Debug|Any CPU
		{0DE1EFF3-4EED-4799-A9A5-C2D7F7FD7FD7}.Debug|Any CPU.Build.0 = Debug|Any CPU
		{0DE1EFF3-4EED-4799-A9A5-C2D7F7FD7FD7}.Release|Any CPU.ActiveCfg = Release|Any CPU
		{0DE1EFF3-4EED-4799-A9A5-C2D7F7FD7FD7}.Release|Any CPU.Build.0 = Release|Any CPU
		{9F148724-5E8C-4A8F-BE6A-F7A66B1CA8A4}.Debug|Any CPU.ActiveCfg = Debug|Any CPU
		{9F148724-5E8C-4A8F-BE6A-F7A66B1CA8A4}.Debug|Any CPU.Build.0 = Debug|Any CPU
		{9F148724-5E8C-4A8F-BE6A-F7A66B1CA8A4}.Release|Any CPU.ActiveCfg = Release|Any CPU
		{9F148724-5E8C-4A8F-BE6A-F7A66B1CA8A4}.Release|Any CPU.Build.0 = Release|Any CPU
		{36ABD7A6-6C35-4569-9EA3-16B5274CC136}.Debug|Any CPU.ActiveCfg = Debug|Any CPU
		{36ABD7A6-6C35-4569-9EA3-16B5274CC136}.Debug|Any CPU.Build.0 = Debug|Any CPU
		{36ABD7A6-6C35-4569-9EA3-16B5274CC136}.Release|Any CPU.ActiveCfg = Release|Any CPU
		{36ABD7A6-6C35-4569-9EA3-16B5274CC136}.Release|Any CPU.Build.0 = Release|Any CPU
	EndGlobalSection
	GlobalSection(SolutionProperties) = preSolution
		HideSolutionNode = FALSE
	EndGlobalSection
	GlobalSection(ExtensibilityGlobals) = postSolution
		SolutionGuid = {A4B7FDED-23F0-4EE7-9E67-1D7FCCB4C3D8}
	EndGlobalSection
EndGlobal
